
Microsoft Visual Studio Solution File, Format Version 11.00
# Visual Studio 2010
Project("{FAE04EC0-301F-11D3-BF4B-00C04F79EFBC}") = "Euler7", "Euler7\Euler7.csproj", "{288D5E40-0513-4538-87BF-5A182B3D6130}"
EndProject
Project("{FAE04EC0-301F-11D3-BF4B-00C04F79EFBC}") = "Euler3", "Euler 3\Euler3.csproj", "{2AE7C9C5-467B-472D-A57B-1A4A512F0B92}"
EndProject
Project("{FAE04EC0-301F-11D3-BF4B-00C04F79EFBC}") = "Euler4", "Euler 4\Euler4.csproj", "{77474D77-67A8-41E5-8484-1F67FBDDFF51}"
EndProject
Project("{FAE04EC0-301F-11D3-BF4B-00C04F79EFBC}") = "Euler5", "Euler 5\Euler5.csproj", "{211433FF-FD4D-4A45-8740-5BAF52C4776C}"
EndProject
Project("{FAE04EC0-301F-11D3-BF4B-00C04F79EFBC}") = "Euler6", "Euler 6\Euler6.csproj", "{83694E81-13F8-43DF-AF6C-7CBAEB40A761}"
EndProject
Project("{FAE04EC0-301F-11D3-BF4B-00C04F79EFBC}") = "Euler22", "Euler 22\Euler22.csproj", "{A7937F05-8E36-4647-ABDD-B55DEDFFB602}"
EndProject
Project("{FAE04EC0-301F-11D3-BF4B-00C04F79EFBC}") = "Euler.Core", "Euler.Core\Euler.Core.csproj", "{62AAC495-D6FC-45EE-AAB4-0BDC7AA84C4F}"
EndProject
Project("{FAE04EC0-301F-11D3-BF4B-00C04F79EFBC}") = "Euler8", "Euler8\Euler8.csproj", "{F5041CB2-7310-407D-BE33-2EC3BE6F0542}"
EndProject
Project("{FAE04EC0-301F-11D3-BF4B-00C04F79EFBC}") = "Euler10", "Euler10\Euler10.csproj", "{D24F8E83-0C97-4848-8E1C-2D81965C1A30}"
EndProject
Project("{FAE04EC0-301F-11D3-BF4B-00C04F79EFBC}") = "Euler12", "Euler12\Euler12.csproj", "{4C0DEFD3-4D23-487C-9810-43D68DA0C26E}"
EndProject
Project("{FAE04EC0-301F-11D3-BF4B-00C04F79EFBC}") = "Euler14", "Euler14\Euler14.csproj", "{A54FA81F-EF61-43A8-84F3-1EDE99D2287D}"
EndProject
Project("{FAE04EC0-301F-11D3-BF4B-00C04F79EFBC}") = "Euler16", "Euler16\Euler16.csproj", "{BB3F7B17-7E03-442C-98D3-57465A840161}"
EndProject
Project("{FAE04EC0-301F-11D3-BF4B-00C04F79EFBC}") = "Euler19", "Euler19\Euler19.csproj", "{278A4B82-250D-4C6E-A5EC-B8ACC772CF81}"
EndProject
Project("{FAE04EC0-301F-11D3-BF4B-00C04F79EFBC}") = "Euler23", "Euler23\Euler23.csproj", "{5958A456-14EA-4000-8057-62FC29255DDD}"
EndProject
Global
	GlobalSection(SolutionConfigurationPlatforms) = preSolution
		Debug|x86 = Debug|x86
		Release|x86 = Release|x86
	EndGlobalSection
	GlobalSection(ProjectConfigurationPlatforms) = postSolution
		{288D5E40-0513-4538-87BF-5A182B3D6130}.Debug|x86.ActiveCfg = Debug|x86
		{288D5E40-0513-4538-87BF-5A182B3D6130}.Debug|x86.Build.0 = Debug|x86
		{288D5E40-0513-4538-87BF-5A182B3D6130}.Release|x86.ActiveCfg = Release|x86
		{288D5E40-0513-4538-87BF-5A182B3D6130}.Release|x86.Build.0 = Release|x86
		{2AE7C9C5-467B-472D-A57B-1A4A512F0B92}.Debug|x86.ActiveCfg = Debug|x86
		{2AE7C9C5-467B-472D-A57B-1A4A512F0B92}.Debug|x86.Build.0 = Debug|x86
		{2AE7C9C5-467B-472D-A57B-1A4A512F0B92}.Release|x86.ActiveCfg = Release|x86
		{2AE7C9C5-467B-472D-A57B-1A4A512F0B92}.Release|x86.Build.0 = Release|x86
		{77474D77-67A8-41E5-8484-1F67FBDDFF51}.Debug|x86.ActiveCfg = Debug|x86
		{77474D77-67A8-41E5-8484-1F67FBDDFF51}.Debug|x86.Build.0 = Debug|x86
		{77474D77-67A8-41E5-8484-1F67FBDDFF51}.Release|x86.ActiveCfg = Release|x86
		{77474D77-67A8-41E5-8484-1F67FBDDFF51}.Release|x86.Build.0 = Release|x86
		{211433FF-FD4D-4A45-8740-5BAF52C4776C}.Debug|x86.ActiveCfg = Debug|x86
		{211433FF-FD4D-4A45-8740-5BAF52C4776C}.Debug|x86.Build.0 = Debug|x86
		{211433FF-FD4D-4A45-8740-5BAF52C4776C}.Release|x86.ActiveCfg = Release|x86
		{211433FF-FD4D-4A45-8740-5BAF52C4776C}.Release|x86.Build.0 = Release|x86
		{83694E81-13F8-43DF-AF6C-7CBAEB40A761}.Debug|x86.ActiveCfg = Debug|x86
		{83694E81-13F8-43DF-AF6C-7CBAEB40A761}.Debug|x86.Build.0 = Debug|x86
		{83694E81-13F8-43DF-AF6C-7CBAEB40A761}.Release|x86.ActiveCfg = Release|x86
		{83694E81-13F8-43DF-AF6C-7CBAEB40A761}.Release|x86.Build.0 = Release|x86
		{A7937F05-8E36-4647-ABDD-B55DEDFFB602}.Debug|x86.ActiveCfg = Debug|x86
		{A7937F05-8E36-4647-ABDD-B55DEDFFB602}.Debug|x86.Build.0 = Debug|x86
		{A7937F05-8E36-4647-ABDD-B55DEDFFB602}.Release|x86.ActiveCfg = Release|x86
		{A7937F05-8E36-4647-ABDD-B55DEDFFB602}.Release|x86.Build.0 = Release|x86
		{62AAC495-D6FC-45EE-AAB4-0BDC7AA84C4F}.Debug|x86.ActiveCfg = Debug|x86
		{62AAC495-D6FC-45EE-AAB4-0BDC7AA84C4F}.Debug|x86.Build.0 = Debug|x86
		{62AAC495-D6FC-45EE-AAB4-0BDC7AA84C4F}.Release|x86.ActiveCfg = Release|x86
		{62AAC495-D6FC-45EE-AAB4-0BDC7AA84C4F}.Release|x86.Build.0 = Release|x86
		{F5041CB2-7310-407D-BE33-2EC3BE6F0542}.Debug|x86.ActiveCfg = Debug|x86
		{F5041CB2-7310-407D-BE33-2EC3BE6F0542}.Debug|x86.Build.0 = Debug|x86
		{F5041CB2-7310-407D-BE33-2EC3BE6F0542}.Release|x86.ActiveCfg = Release|x86
		{F5041CB2-7310-407D-BE33-2EC3BE6F0542}.Release|x86.Build.0 = Release|x86
		{D24F8E83-0C97-4848-8E1C-2D81965C1A30}.Debug|x86.ActiveCfg = Debug|x86
		{D24F8E83-0C97-4848-8E1C-2D81965C1A30}.Debug|x86.Build.0 = Debug|x86
		{D24F8E83-0C97-4848-8E1C-2D81965C1A30}.Release|x86.ActiveCfg = Release|x86
		{D24F8E83-0C97-4848-8E1C-2D81965C1A30}.Release|x86.Build.0 = Release|x86
		{4C0DEFD3-4D23-487C-9810-43D68DA0C26E}.Debug|x86.ActiveCfg = Debug|x86
		{4C0DEFD3-4D23-487C-9810-43D68DA0C26E}.Debug|x86.Build.0 = Debug|x86
		{4C0DEFD3-4D23-487C-9810-43D68DA0C26E}.Release|x86.ActiveCfg = Release|x86
		{4C0DEFD3-4D23-487C-9810-43D68DA0C26E}.Release|x86.Build.0 = Release|x86
		{A54FA81F-EF61-43A8-84F3-1EDE99D2287D}.Debug|x86.ActiveCfg = Debug|x86
		{A54FA81F-EF61-43A8-84F3-1EDE99D2287D}.Debug|x86.Build.0 = Debug|x86
		{A54FA81F-EF61-43A8-84F3-1EDE99D2287D}.Release|x86.ActiveCfg = Release|x86
		{A54FA81F-EF61-43A8-84F3-1EDE99D2287D}.Release|x86.Build.0 = Release|x86
		{BB3F7B17-7E03-442C-98D3-57465A840161}.Debug|x86.ActiveCfg = Debug|x86
		{BB3F7B17-7E03-442C-98D3-57465A840161}.Debug|x86.Build.0 = Debug|x86
		{BB3F7B17-7E03-442C-98D3-57465A840161}.Release|x86.ActiveCfg = Release|x86
		{BB3F7B17-7E03-442C-98D3-57465A840161}.Release|x86.Build.0 = Release|x86
		{278A4B82-250D-4C6E-A5EC-B8ACC772CF81}.Debug|x86.ActiveCfg = Debug|x86
		{278A4B82-250D-4C6E-A5EC-B8ACC772CF81}.Debug|x86.Build.0 = Debug|x86
		{278A4B82-250D-4C6E-A5EC-B8ACC772CF81}.Release|x86.ActiveCfg = Release|x86
		{278A4B82-250D-4C6E-A5EC-B8ACC772CF81}.Release|x86.Build.0 = Release|x86
		{5958A456-14EA-4000-8057-62FC29255DDD}.Debug|x86.ActiveCfg = Debug|x86
		{5958A456-14EA-4000-8057-62FC29255DDD}.Debug|x86.Build.0 = Debug|x86
		{5958A456-14EA-4000-8057-62FC29255DDD}.Release|x86.ActiveCfg = Release|x86
		{5958A456-14EA-4000-8057-62FC29255DDD}.Release|x86.Build.0 = Release|x86
	EndGlobalSection
	GlobalSection(SolutionProperties) = preSolution
		HideSolutionNode = FALSE
	EndGlobalSection
EndGlobal
